
Microsoft Visual Studio Solution File, Format Version 12.00
# Visual Studio 15
Project("{FAE04EC0-301F-11D3-BF4B-00C04F79EFBC}") = "MagicTower", "Assembly-CSharp.csproj", "{0C614966-3817-29A6-D9EA-DAB3C7FA513F}"
EndProject
Project("{FAE04EC0-301F-11D3-BF4B-00C04F79EFBC}") = "MagicTower", "Assembly-CSharp-Editor.csproj", "{31823C3C-EBC3-2CF7-BCE9-10307B1D240B}"
EndProject
Global
	GlobalSection(SolutionConfigurationPlatforms) = preSolution
		Debug|Any CPU = Debug|Any CPU
		Release|Any CPU = Release|Any CPU
	EndGlobalSection
	GlobalSection(ProjectConfigurationPlatforms) = postSolution
		{0C614966-3817-29A6-D9EA-DAB3C7FA513F}.Debug|Any CPU.ActiveCfg = Debug|Any CPU
		{0C614966-3817-29A6-D9EA-DAB3C7FA513F}.Debug|Any CPU.Build.0 = Debug|Any CPU
		{0C614966-3817-29A6-D9EA-DAB3C7FA513F}.Release|Any CPU.ActiveCfg = Release|Any CPU
		{0C614966-3817-29A6-D9EA-DAB3C7FA513F}.Release|Any CPU.Build.0 = Release|Any CPU
		{31823C3C-EBC3-2CF7-BCE9-10307B1D240B}.Debug|Any CPU.ActiveCfg = Debug|Any CPU
		{31823C3C-EBC3-2CF7-BCE9-10307B1D240B}.Debug|Any CPU.Build.0 = Debug|Any CPU
		{31823C3C-EBC3-2CF7-BCE9-10307B1D240B}.Release|Any CPU.ActiveCfg = Release|Any CPU
		{31823C3C-EBC3-2CF7-BCE9-10307B1D240B}.Release|Any CPU.Build.0 = Release|Any CPU
	EndGlobalSection
	GlobalSection(SolutionProperties) = preSolution
		HideSolutionNode = FALSE
	EndGlobalSection
EndGlobal
